{
  "name": "hamiltoniancycle",
  "version": "1.0.0",
  "lockfileVersion": 1,
  "requires": true,
  "dependencies": {
    "node-matrix": {
      "version": "1.0.0",
      "resolved": "https://registry.npmjs.org/node-matrix/-/node-matrix-1.0.0.tgz",
      "integrity": "sha512-sgm/nwBx9oacJs9WqUPpxEHTRbIyik0qwWeVyZWJ/J3URWNG5gdq30bIUdH1U5tPwm8X8gfKEV+J00qU/CKY7w=="
    }
  }
}
